# This file was autogenerated by Stack.
# You should not edit this file by hand.
# For more information, please see the documentation at:
#   https://docs.haskellstack.org/en/stable/lock_files

packages:
- completed:
    cabal-file:
      size: 1017
      sha256: ed9670fb871d006afcc9edbc2e3c65624305b53c1baafe6315bb852c2071689f
    name: linux-evdev
    version: 0.3.2
    git: https://github.com/unclechu/haskell-linux-evdev
    pantry-tree:
      size: 425
      sha256: 9ffa0deeac1a3d59138499e1559a21ba36a9a184e4c5749a27b4764a298f0672
    commit: f948132fdc74a3dbe622eb35b0d0cfadeaa6aae7
  original:
    git: https://github.com/unclechu/haskell-linux-evdev
    commit: f948132fdc74a3dbe622eb35b0d0cfadeaa6aae7
- completed:
    cabal-file:
      size: 1295
      sha256: bd31eb55f0db564d08ee524f7f456f6c7a34e145e7a19447ceffebfd14b5c241
    name: data-maybe-preserve
    version: 0.0.0
    git: https://github.com/unclechu/haskell-data-maybe-preserve
    pantry-tree:
      size: 488
      sha256: 07815d2753b8b62ef27cc2ad6aae2fb1ef8ab513e3bacddc9a79115b4069d3ee
    commit: 705e3e4e85661c6c3c34f43a408b111433abb27e
  original:
    git: https://github.com/unclechu/haskell-data-maybe-preserve
    commit: 705e3e4e85661c6c3c34f43a408b111433abb27e
snapshots:
- completed:
    size: 418289
    url: https://raw.githubusercontent.com/commercialhaskell/stackage-snapshots/master/nightly/2019/11/10.yaml
    sha256: 503940a87dace1cdd2c1967f626bd189524e07c892bbd6d444a4fa39107212d2
  original: nightly-2019-11-10
