# This file was autogenerated by Stack.
# You should not edit this file by hand.
# For more information, please see the documentation at:
#   https://docs.haskellstack.org/en/stable/lock_files

packages:
- completed:
    hackage: linux-evdev-0.3.2@sha256:133cb7b0784af72a62aa1336eadccb630097048cb45478c5263717c8795afe68,1039
    pantry-tree:
      size: 373
      sha256: 4c85141fcb56cf71a35c79fc5ee0bffce363ad0606919dfbfa57ecfbd58b91a5
  original:
    hackage: linux-evdev-0.3.2
- completed:
    cabal-file:
      size: 1295
      sha256: bd31eb55f0db564d08ee524f7f456f6c7a34e145e7a19447ceffebfd14b5c241
    name: data-maybe-preserve
    version: 0.0.0
    git: https://github.com/unclechu/haskell-data-maybe-preserve
    pantry-tree:
      size: 488
      sha256: 07815d2753b8b62ef27cc2ad6aae2fb1ef8ab513e3bacddc9a79115b4069d3ee
    commit: 705e3e4e85661c6c3c34f43a408b111433abb27e
  original:
    git: https://github.com/unclechu/haskell-data-maybe-preserve
    commit: 705e3e4e85661c6c3c34f43a408b111433abb27e
snapshots:
- completed:
    size: 523884
    url: https://raw.githubusercontent.com/commercialhaskell/stackage-snapshots/master/lts/14/4.yaml
    sha256: 16f24be248b42c9e16d59db84378836b1e7c239448a041cae46d32daffa45a8b
  original: lts-14.4
