# This file was autogenerated by Stack.
# You should not edit this file by hand.
# For more information, please see the documentation at:
#   https://docs.haskellstack.org/en/stable/lock_files

packages:
- completed:
    hackage: linux-evdev-0.3.2@sha256:021bc71880cba6ca10da787763f6455c9e04f98a1c0a33ea0506f78311f3d2be,1059
    pantry-tree:
      size: 373
      sha256: 46d7e19478603bd9e38e8b1b1cd3fb92bccf42ff9b4896c67cd3418b825c2ccd
  original:
    hackage: linux-evdev-0.3.2
- completed:
    cabal-file:
      size: 1295
      sha256: bd31eb55f0db564d08ee524f7f456f6c7a34e145e7a19447ceffebfd14b5c241
    name: data-maybe-preserve
    version: 0.0.0
    git: https://github.com/unclechu/haskell-data-maybe-preserve
    pantry-tree:
      size: 488
      sha256: 07815d2753b8b62ef27cc2ad6aae2fb1ef8ab513e3bacddc9a79115b4069d3ee
    commit: 705e3e4e85661c6c3c34f43a408b111433abb27e
  original:
    git: https://github.com/unclechu/haskell-data-maybe-preserve
    commit: 705e3e4e85661c6c3c34f43a408b111433abb27e
snapshots:
- completed:
    size: 472588
    url: https://raw.githubusercontent.com/commercialhaskell/stackage-snapshots/master/nightly/2020/2/4.yaml
    sha256: 72cb6d873a45ce9902d40dfcb12f898e171d7a5b4d51fc57b57db982e24144ad
  original: nightly-2020-02-04
